// !$*UTF8*$!
{
	archiveVersion = 1;
	classes = {
	};
	objectVersion = 46;
	objects = {

/* Begin PBXBuildFile section */
		F283B0931FB1098100331A13 /* AppDelegate.swift in Sources */ = {isa = PBXBuildFile; fileRef = F283B0921FB1098100331A13 /* AppDelegate.swift */; };
		F283B0951FB1098100331A13 /* ViewController.swift in Sources */ = {isa = PBXBuildFile; fileRef = F283B0941FB1098100331A13 /* ViewController.swift */; };
		F283B0981FB1098100331A13 /* Main.storyboard in Resources */ = {isa = PBXBuildFile; fileRef = F283B0961FB1098100331A13 /* Main.storyboard */; };
		F283B09B1FB1098100331A13 /* fifthproject.xcdatamodeld in Sources */ = {isa = PBXBuildFile; fileRef = F283B0991FB1098100331A13 /* fifthproject.xcdatamodeld */; };
		F283B09D1FB1098100331A13 /* Assets.xcassets in Resources */ = {isa = PBXBuildFile; fileRef = F283B09C1FB1098100331A13 /* Assets.xcassets */; };
		F283B0A01FB1098100331A13 /* LaunchScreen.storyboard in Resources */ = {isa = PBXBuildFile; fileRef = F283B09E1FB1098100331A13 /* LaunchScreen.storyboard */; };
/* End PBXBuildFile section */

/* Begin PBXFileReference section */
		F283B08F1FB1098100331A13 /* fifthproject.app */ = {isa = PBXFileReference; explicitFileType = wrapper.application; includeInIndex = 0; path = fifthproject.app; sourceTree = BUILT_PRODUCTS_DIR; };
		F283B0921FB1098100331A13 /* AppDelegate.swift */ = {isa = PBXFileReference; lastKnownFileType = sourcecode.swift; path = AppDelegate.swift; sourceTree = "<group>"; };
		F283B0941FB1098100331A13 /* ViewController.swift */ = {isa = PBXFileReference; lastKnownFileType = sourcecode.swift; path = ViewController.swift; sourceTree = "<group>"; };
		F283B0971FB1098100331A13 /* Base */ = {isa = PBXFileReference; lastKnownFileType = file.storyboard; name = Base; path = Base.lproj/Main.storyboard; sourceTree = "<group>"; };
		F283B09A1FB1098100331A13 /* fifthproject.xcdatamodel */ = {isa = PBXFileReference; lastKnownFileType = wrapper.xcdatamodel; path = fifthproject.xcdatamodel; sourceTree = "<group>"; };
		F283B09C1FB1098100331A13 /* Assets.xcassets */ = {isa = PBXFileReference; lastKnownFileType = folder.assetcatalog; path = Assets.xcassets; sourceTree = "<group>"; };
		F283B09F1FB1098100331A13 /* Base */ = {isa = PBXFileReference; lastKnownFileType = file.storyboard; name = Base; path = Base.lproj/LaunchScreen.storyboard; sourceTree = "<group>"; };
		F283B0A11FB1098100331A13 /* Info.plist */ = {isa = PBXFileReference; lastKnownFileType = text.plist.xml; path = Info.plist; sourceTree = "<group>"; };
/* End PBXFileReference section */

/* Begin PBXFrameworksBuildPhase section */
		F283B08C1FB1098100331A13 /* Frameworks */ = {
			isa = PBXFrameworksBuildPhase;
			buildActionMask = 2147483647;
			files = (
			);
			runOnlyForDeploymentPostprocessing = 0;
		};
/* End PBXFrameworksBuildPhase section */

/* Begin PBXGroup section */
		F283B0861FB1098100331A13 = {
			isa = PBXGroup;
			children = (
				F283B0911FB1098100331A13 /* fifthproject */,
				F283B0901FB1098100331A13 /* Products */,
			);
			sourceTree = "<group>";
		};
		F283B0901FB1098100331A13 /* Products */ = {
			isa = PBXGroup;
			children = (
				F283B08F1FB1098100331A13 /* fifthproject.app */,
			);
			name = Products;
			sourceTree = "<group>";
		};
		F283B0911FB1098100331A13 /* fifthproject */ = {
			isa = PBXGroup;
			children = (
				F283B0921FB1098100331A13 /* AppDelegate.swift */,
				F283B0941FB1098100331A13 /* ViewController.swift */,
				F283B0961FB1098100331A13 /* Main.storyboard */,
				F283B09C1FB1098100331A13 /* Assets.xcassets */,
				F283B09E1FB1098100331A13 /* LaunchScreen.storyboard */,
				F283B0A11FB1098100331A13 /* Info.plist */,
				F283B0991FB1098100331A13 /* fifthproject.xcdatamodeld */,
			);
			path = fifthproject;
			sourceTree = "<group>";
		};
/* End PBXGroup section */

/* Begin PBXNativeTarget section */
		F283B08E1FB1098100331A13 /* fifthproject */ = {
			isa = PBXNativeTarget;
			buildConfigurationList = F283B0A41FB1098100331A13 /* Build configuration list for PBXNativeTarget "fifthproject" */;
			buildPhases = (
				F283B08B1FB1098100331A13 /* Sources */,
				F283B08C1FB1098100331A13 /* Frameworks */,
				F283B08D1FB1098100331A13 /* Resources */,
			);
			buildRules = (
			);
			dependencies = (
			);
			name = fifthproject;
			productName = fifthproject;
			productReference = F283B08F1FB1098100331A13 /* fifthproject.app */;
			productType = "com.apple.product-type.application";
		};
/* End PBXNativeTarget section */

/* Begin PBXProject section */
		F283B0871FB1098100331A13 /* Project object */ = {
			isa = PBXProject;
			attributes = {
				LastSwiftUpdateCheck = 0830;
				LastUpgradeCheck = 0830;
				ORGANIZATIONNAME = "Aravind Subramanian";
				TargetAttributes = {
					F283B08E1FB1098100331A13 = {
						CreatedOnToolsVersion = 8.3.3;
						ProvisioningStyle = Automatic;
					};
				};
			};
			buildConfigurationList = F283B08A1FB1098100331A13 /* Build configuration list for PBXProject "fifthproject" */;
			compatibilityVersion = "Xcode 3.2";
			developmentRegion = English;
			hasScannedForEncodings = 0;
			knownRegions = (
				en,
				Base,
			);
			mainGroup = F283B0861FB1098100331A13;
			productRefGroup = F283B0901FB1098100331A13 /* Products */;
			projectDirPath = "";
			projectRoot = "";
			targets = (
				F283B08E1FB1098100331A13 /* fifthproject */,
			);
		};
/* End PBXProject section */

/* Begin PBXResourcesBuildPhase section */
		F283B08D1FB1098100331A13 /* Resources */ = {
			isa = PBXResourcesBuildPhase;
			buildActionMask = 2147483647;
			files = (
				F283B0A01FB1098100331A13 /* LaunchScreen.storyboard in Resources */,
				F283B09D1FB1098100331A13 /* Assets.xcassets in Resources */,
				F283B0981FB1098100331A13 /* Main.storyboard in Resources */,
			);
			runOnlyForDeploymentPostprocessing = 0;
		};
/* End PBXResourcesBuildPhase section */

/* Begin PBXSourcesBuildPhase section */
		F283B08B1FB1098100331A13 /* Sources */ = {
			isa = PBXSourcesBuildPhase;
			buildActionMask = 2147483647;
			files = (
				F283B0951FB1098100331A13 /* ViewController.swift in Sources */,
				F283B0931FB1098100331A13 /* AppDelegate.swift in Sources */,
				F283B09B1FB1098100331A13 /* fifthproject.xcdatamodeld in Sources */,
			);
			runOnlyForDeploymentPostprocessing = 0;
		};
/* End PBXSourcesBuildPhase section */

/* Begin PBXVariantGroup section */
		F283B0961FB1098100331A13 /* Main.storyboard */ = {
			isa = PBXVariantGroup;
			children = (
				F283B0971FB1098100331A13 /* Base */,
			);
			name = Main.storyboard;
			sourceTree = "<group>";
		};
		F283B09E1FB1098100331A13 /* LaunchScreen.storyboard */ = {
			isa = PBXVariantGroup;
			children = (
				F283B09F1FB1098100331A13 /* Base */,
			);
			name = LaunchScreen.storyboard;
			sourceTree = "<group>";
		};
/* End PBXVariantGroup section */

/* Begin XCBuildConfiguration section */
		F283B0A21FB1098100331A13 /* Debug */ = {
			isa = XCBuildConfiguration;
			buildSettings = {
				ALWAYS_SEARCH_USER_PATHS = NO;
				CLANG_ANALYZER_NONNULL = YES;
				CLANG_ANALYZER_NUMBER_OBJECT_CONVERSION = YES_AGGRESSIVE;
				CLANG_CXX_LANGUAGE_STANDARD = "gnu++0x";
				CLANG_CXX_LIBRARY = "libc++";
				CLANG_ENABLE_MODULES = YES;
				CLANG_ENABLE_OBJC_ARC = YES;
				CLANG_WARN_BOOL_CONVERSION = YES;
				CLANG_WARN_CONSTANT_CONVERSION = YES;
				CLANG_WARN_DIRECT_OBJC_ISA_USAGE = YES_ERROR;
				CLANG_WARN_DOCUMENTATION_COMMENTS = YES;
				CLANG_WARN_EMPTY_BODY = YES;
				CLANG_WARN_ENUM_CONVERSION = YES;
				CLANG_WARN_INFINITE_RECURSION = YES;
				CLANG_WARN_INT_CONVERSION = YES;
				CLANG_WARN_OBJC_ROOT_CLASS = YES_ERROR;
				CLANG_WARN_SUSPICIOUS_MOVE = YES;
				CLANG_WARN_UNREACHABLE_CODE = YES;
				CLANG_WARN__DUPLICATE_METHOD_MATCH = YES;
				"CODE_SIGN_IDENTITY[sdk=iphoneos*]" = "iPhone Developer";
				COPY_PHASE_STRIP = NO;
				DEBUG_INFORMATION_FORMAT = dwarf;
				ENABLE_STRICT_OBJC_MSGSEND = YES;
				ENABLE_TESTABILITY = YES;
				GCC_C_LANGUAGE_STANDARD = gnu99;
				GCC_DYNAMIC_NO_PIC = NO;
				GCC_NO_COMMON_BLOCKS = YES;
				GCC_OPTIMIZATION_LEVEL = 0;
				GCC_PREPROCESSOR_DEFINITIONS = (
					"DEBUG=1",
					"$(inherited)",
				);
				GCC_WARN_64_TO_32_BIT_CONVERSION = YES;
				GCC_WARN_ABOUT_RETURN_TYPE = YES_ERROR;
				GCC_WARN_UNDECLARED_SELECTOR = YES;
				GCC_WARN_UNINITIALIZED_AUTOS = YES_AGGRESSIVE;
				GCC_WARN_UNUSED_FUNCTION = YES;
				GCC_WARN_UNUSED_VARIABLE = YES;
				IPHONEOS_DEPLOYMENT_TARGET = 10.3;
				MTL_ENABLE_DEBUG_INFO = YES;
				ONLY_ACTIVE_ARCH = YES;
				SDKROOT = iphoneos;
				SWIFT_ACTIVE_COMPILATION_CONDITIONS = DEBUG;
				SWIFT_OPTIMIZATION_LEVEL = "-Onone";
				TARGETED_DEVICE_FAMILY = "1,2";
			};
			name = Debug;
		};
		F283B0A31FB1098100331A13 /* Release */ = {
			isa = XCBuildConfiguration;
			buildSettings = {
				ALWAYS_SEARCH_USER_PATHS = NO;
				CLANG_ANALYZER_NONNULL = YES;
				CLANG_ANALYZER_NUMBER_OBJECT_CONVERSION = YES_AGGRESSIVE;
				CLANG_CXX_LANGUAGE_STANDARD = "gnu++0x";
				CLANG_CXX_LIBRARY = "libc++";
				CLANG_ENABLE_MODULES = YES;
				CLANG_ENABLE_OBJC_ARC = YES;
				CLANG_WARN_BOOL_CONVERSION = YES;
				CLANG_WARN_CONSTANT_CONVERSION = YES;
				CLANG_WARN_DIRECT_OBJC_ISA_USAGE = YES_ERROR;
				CLANG_WARN_DOCUMENTATION_COMMENTS = YES;
				CLANG_WARN_EMPTY_BODY = YES;
				CLANG_WARN_ENUM_CONVERSION = YES;
				CLANG_WARN_INFINITE_RECURSION = YES;
				CLANG_WARN_INT_CONVERSION = YES;
				CLANG_WARN_OBJC_ROOT_CLASS = YES_ERROR;
				CLANG_WARN_SUSPICIOUS_MOVE = YES;
				CLANG_WARN_UNREACHABLE_CODE = YES;
				CLANG_WARN__DUPLICATE_METHOD_MATCH = YES;
				"CODE_SIGN_IDENTITY[sdk=iphoneos*]" = "iPhone Developer";
				COPY_PHASE_STRIP = NO;
				DEBUG_INFORMATION_FORMAT = "dwarf-with-dsym";
				ENABLE_NS_ASSERTIONS = NO;
				ENABLE_STRICT_OBJC_MSGSEND = YES;
				GCC_C_LANGUAGE_STANDARD = gnu99;
				GCC_NO_COMMON_BLOCKS = YES;
				GCC_WARN_64_TO_32_BIT_CONVERSION = YES;
				GCC_WARN_ABOUT_RETURN_TYPE = YES_ERROR;
				GCC_WARN_UNDECLARED_SELECTOR = YES;
				GCC_WARN_UNINITIALIZED_AUTOS = YES_AGGRESSIVE;
				GCC_WARN_UNUSED_FUNCTION = YES;
				GCC_WARN_UNUSED_VARIABLE = YES;
				IPHONEOS_DEPLOYMENT_TARGET = 10.3;
				MTL_ENABLE_DEBUG_INFO = NO;
				SDKROOT = iphoneos;
				SWIFT_OPTIMIZATION_LEVEL = "-Owholemodule";
				TARGETED_DEVICE_FAMILY = "1,2";
				VALIDATE_PRODUCT = YES;
			};
			name = Release;
		};
		F283B0A51FB1098100331A13 /* Debug */ = {
			isa = XCBuildConfiguration;
			buildSettings = {
				ASSETCATALOG_COMPILER_APPICON_NAME = AppIcon;
				INFOPLIST_FILE = fifthproject/Info.plist;
				LD_RUNPATH_SEARCH_PATHS = "$(inherited) @executable_path/Frameworks";
				PRODUCT_BUNDLE_IDENTIFIER = com.fifthproject;
				PRODUCT_NAME = "$(TARGET_NAME)";
				SWIFT_VERSION = 3.0;
			};
			name = Debug;
		};
		F283B0A61FB1098100331A13 /* Release */ = {
			isa = XCBuildConfiguration;
			buildSettings = {
				ASSETCATALOG_COMPILER_APPICON_NAME = AppIcon;
				INFOPLIST_FILE = fifthproject/Info.plist;
				LD_RUNPATH_SEARCH_PATHS = "$(inherited) @executable_path/Frameworks";
				PRODUCT_BUNDLE_IDENTIFIER = com.fifthproject;
				PRODUCT_NAME = "$(TARGET_NAME)";
				SWIFT_VERSION = 3.0;
			};
			name = Release;
		};
/* End XCBuildConfiguration section */

/* Begin XCConfigurationList section */
		F283B08A1FB1098100331A13 /* Build configuration list for PBXProject "fifthproject" */ = {
			isa = XCConfigurationList;
			buildConfigurations = (
				F283B0A21FB1098100331A13 /* Debug */,
				F283B0A31FB1098100331A13 /* Release */,
			);
			defaultConfigurationIsVisible = 0;
			defaultConfigurationName = Release;
		};
		F283B0A41FB1098100331A13 /* Build configuration list for PBXNativeTarget "fifthproject" */ = {
			isa = XCConfigurationList;
			buildConfigurations = (
				F283B0A51FB1098100331A13 /* Debug */,
				F283B0A61FB1098100331A13 /* Release */,
			);
			defaultConfigurationIsVisible = 0;
		};
/* End XCConfigurationList section */

/* Begin XCVersionGroup section */
		F283B0991FB1098100331A13 /* fifthproject.xcdatamodeld */ = {
			isa = XCVersionGroup;
			children = (
				F283B09A1FB1098100331A13 /* fifthproject.xcdatamodel */,
			);
			currentVersion = F283B09A1FB1098100331A13 /* fifthproject.xcdatamodel */;
			path = fifthproject.xcdatamodeld;
			sourceTree = "<group>";
			versionGroupType = wrapper.xcdatamodel;
		};
/* End XCVersionGroup section */
	};
	rootObject = F283B0871FB1098100331A13 /* Project object */;
}
